// !$*UTF8*$!
{
	archiveVersion = 1;
	classes = {
	};
	objectVersion = 56;
	objects = {

/* Begin PBXBuildFile section */
		F6F0D8CB2AA00EE400909F48 /* AirSoldierApp.swift in Sources */ = {isa = PBXBuildFile; fileRef = F6F0D8CA2AA00EE400909F48 /* AirSoldierApp.swift */; };
		F6F0D8CD2AA00EE400909F48 /* ContentView.swift in Sources */ = {isa = PBXBuildFile; fileRef = F6F0D8CC2AA00EE400909F48 /* ContentView.swift */; };
		F6F0D8CF2AA00EE500909F48 /* Assets.xcassets in Resources */ = {isa = PBXBuildFile; fileRef = F6F0D8CE2AA00EE500909F48 /* Assets.xcassets */; };
		F6F0D8D32AA00EE500909F48 /* Preview Assets.xcassets in Resources */ = {isa = PBXBuildFile; fileRef = F6F0D8D22AA00EE500909F48 /* Preview Assets.xcassets */; };
		F6F0D8DD2AA00EE500909F48 /* AirSoldierTests.swift in Sources */ = {isa = PBXBuildFile; fileRef = F6F0D8DC2AA00EE500909F48 /* AirSoldierTests.swift */; };
		F6F0D8E72AA00EE500909F48 /* AirSoldierUITests.swift in Sources */ = {isa = PBXBuildFile; fileRef = F6F0D8E62AA00EE500909F48 /* AirSoldierUITests.swift */; };
		F6F0D8E92AA00EE500909F48 /* AirSoldierUITestsLaunchTests.swift in Sources */ = {isa = PBXBuildFile; fileRef = F6F0D8E82AA00EE500909F48 /* AirSoldierUITestsLaunchTests.swift */; };
/* End PBXBuildFile section */

/* Begin PBXContainerItemProxy section */
		F6F0D8D92AA00EE500909F48 /* PBXContainerItemProxy */ = {
			isa = PBXContainerItemProxy;
			containerPortal = F6F0D8BF2AA00EE400909F48 /* Project object */;
			proxyType = 1;
			remoteGlobalIDString = F6F0D8C62AA00EE400909F48;
			remoteInfo = AirSoldier;
		};
		F6F0D8E32AA00EE500909F48 /* PBXContainerItemProxy */ = {
			isa = PBXContainerItemProxy;
			containerPortal = F6F0D8BF2AA00EE400909F48 /* Project object */;
			proxyType = 1;
			remoteGlobalIDString = F6F0D8C62AA00EE400909F48;
			remoteInfo = AirSoldier;
		};
/* End PBXContainerItemProxy section */

/* Begin PBXFileReference section */
		F6F0D8C72AA00EE400909F48 /* AirSoldier.app */ = {isa = PBXFileReference; explicitFileType = wrapper.application; includeInIndex = 0; path = AirSoldier.app; sourceTree = BUILT_PRODUCTS_DIR; };
		F6F0D8CA2AA00EE400909F48 /* AirSoldierApp.swift */ = {isa = PBXFileReference; lastKnownFileType = sourcecode.swift; path = AirSoldierApp.swift; sourceTree = "<group>"; };
		F6F0D8CC2AA00EE400909F48 /* ContentView.swift */ = {isa = PBXFileReference; lastKnownFileType = sourcecode.swift; path = ContentView.swift; sourceTree = "<group>"; };
		F6F0D8CE2AA00EE500909F48 /* Assets.xcassets */ = {isa = PBXFileReference; lastKnownFileType = folder.assetcatalog; path = Assets.xcassets; sourceTree = "<group>"; };
		F6F0D8D02AA00EE500909F48 /* AirSoldier.entitlements */ = {isa = PBXFileReference; lastKnownFileType = text.plist.entitlements; path = AirSoldier.entitlements; sourceTree = "<group>"; };
		F6F0D8D22AA00EE500909F48 /* Preview Assets.xcassets */ = {isa = PBXFileReference; lastKnownFileType = folder.assetcatalog; path = "Preview Assets.xcassets"; sourceTree = "<group>"; };
		F6F0D8D82AA00EE500909F48 /* AirSoldierTests.xctest */ = {isa = PBXFileReference; explicitFileType = wrapper.cfbundle; includeInIndex = 0; path = AirSoldierTests.xctest; sourceTree = BUILT_PRODUCTS_DIR; };
		F6F0D8DC2AA00EE500909F48 /* AirSoldierTests.swift */ = {isa = PBXFileReference; lastKnownFileType = sourcecode.swift; path = AirSoldierTests.swift; sourceTree = "<group>"; };
		F6F0D8E22AA00EE500909F48 /* AirSoldierUITests.xctest */ = {isa = PBXFileReference; explicitFileType = wrapper.cfbundle; includeInIndex = 0; path = AirSoldierUITests.xctest; sourceTree = BUILT_PRODUCTS_DIR; };
		F6F0D8E62AA00EE500909F48 /* AirSoldierUITests.swift */ = {isa = PBXFileReference; lastKnownFileType = sourcecode.swift; path = AirSoldierUITests.swift; sourceTree = "<group>"; };
		F6F0D8E82AA00EE500909F48 /* AirSoldierUITestsLaunchTests.swift */ = {isa = PBXFileReference; lastKnownFileType = sourcecode.swift; path = AirSoldierUITestsLaunchTests.swift; sourceTree = "<group>"; };
/* End PBXFileReference section */

/* Begin PBXFrameworksBuildPhase section */
		F6F0D8C42AA00EE400909F48 /* Frameworks */ = {
			isa = PBXFrameworksBuildPhase;
			buildActionMask = 2147483647;
			files = (
			);
			runOnlyForDeploymentPostprocessing = 0;
		};
		F6F0D8D52AA00EE500909F48 /* Frameworks */ = {
			isa = PBXFrameworksBuildPhase;
			buildActionMask = 2147483647;
			files = (
			);
			runOnlyForDeploymentPostprocessing = 0;
		};
		F6F0D8DF2AA00EE500909F48 /* Frameworks */ = {
			isa = PBXFrameworksBuildPhase;
			buildActionMask = 2147483647;
			files = (
			);
			runOnlyForDeploymentPostprocessing = 0;
		};
/* End PBXFrameworksBuildPhase section */

/* Begin PBXGroup section */
		F6F0D8BE2AA00EE400909F48 = {
			isa = PBXGroup;
			children = (
				F6F0D8C92AA00EE400909F48 /* AirSoldier */,
				F6F0D8DB2AA00EE500909F48 /* AirSoldierTests */,
				F6F0D8E52AA00EE500909F48 /* AirSoldierUITests */,
				F6F0D8C82AA00EE400909F48 /* Products */,
			);
			sourceTree = "<group>";
		};
		F6F0D8C82AA00EE400909F48 /* Products */ = {
			isa = PBXGroup;
			children = (
				F6F0D8C72AA00EE400909F48 /* AirSoldier.app */,
				F6F0D8D82AA00EE500909F48 /* AirSoldierTests.xctest */,
				F6F0D8E22AA00EE500909F48 /* AirSoldierUITests.xctest */,
			);
			name = Products;
			sourceTree = "<group>";
		};
		F6F0D8C92AA00EE400909F48 /* AirSoldier */ = {
			isa = PBXGroup;
			children = (
				F6F0D8CA2AA00EE400909F48 /* AirSoldierApp.swift */,
				F6F0D8CC2AA00EE400909F48 /* ContentView.swift */,
				F6F0D8CE2AA00EE500909F48 /* Assets.xcassets */,
				F6F0D8D02AA00EE500909F48 /* AirSoldier.entitlements */,
				F6F0D8D12AA00EE500909F48 /* Preview Content */,
			);
			path = AirSoldier;
			sourceTree = "<group>";
		};
		F6F0D8D12AA00EE500909F48 /* Preview Content */ = {
			isa = PBXGroup;
			children = (
				F6F0D8D22AA00EE500909F48 /* Preview Assets.xcassets */,
			);
			path = "Preview Content";
			sourceTree = "<group>";
		};
		F6F0D8DB2AA00EE500909F48 /* AirSoldierTests */ = {
			isa = PBXGroup;
			children = (
				F6F0D8DC2AA00EE500909F48 /* AirSoldierTests.swift */,
			);
			path = AirSoldierTests;
			sourceTree = "<group>";
		};
		F6F0D8E52AA00EE500909F48 /* AirSoldierUITests */ = {
			isa = PBXGroup;
			children = (
				F6F0D8E62AA00EE500909F48 /* AirSoldierUITests.swift */,
				F6F0D8E82AA00EE500909F48 /* AirSoldierUITestsLaunchTests.swift */,
			);
			path = AirSoldierUITests;
			sourceTree = "<group>";
		};
/* End PBXGroup section */

/* Begin PBXNativeTarget section */
		F6F0D8C62AA00EE400909F48 /* AirSoldier */ = {
			isa = PBXNativeTarget;
			buildConfigurationList = F6F0D8EC2AA00EE500909F48 /* Build configuration list for PBXNativeTarget "AirSoldier" */;
			buildPhases = (
				F6F0D8C32AA00EE400909F48 /* Sources */,
				F6F0D8C42AA00EE400909F48 /* Frameworks */,
				F6F0D8C52AA00EE400909F48 /* Resources */,
			);
			buildRules = (
			);
			dependencies = (
			);
			name = AirSoldier;
			productName = AirSoldier;
			productReference = F6F0D8C72AA00EE400909F48 /* AirSoldier.app */;
			productType = "com.apple.product-type.application";
		};
		F6F0D8D72AA00EE500909F48 /* AirSoldierTests */ = {
			isa = PBXNativeTarget;
			buildConfigurationList = F6F0D8EF2AA00EE500909F48 /* Build configuration list for PBXNativeTarget "AirSoldierTests" */;
			buildPhases = (
				F6F0D8D42AA00EE500909F48 /* Sources */,
				F6F0D8D52AA00EE500909F48 /* Frameworks */,
				F6F0D8D62AA00EE500909F48 /* Resources */,
			);
			buildRules = (
			);
			dependencies = (
				F6F0D8DA2AA00EE500909F48 /* PBXTargetDependency */,
			);
			name = AirSoldierTests;
			productName = AirSoldierTests;
			productReference = F6F0D8D82AA00EE500909F48 /* AirSoldierTests.xctest */;
			productType = "com.apple.product-type.bundle.unit-test";
		};
		F6F0D8E12AA00EE500909F48 /* AirSoldierUITests */ = {
			isa = PBXNativeTarget;
			buildConfigurationList = F6F0D8F22AA00EE500909F48 /* Build configuration list for PBXNativeTarget "AirSoldierUITests" */;
			buildPhases = (
				F6F0D8DE2AA00EE500909F48 /* Sources */,
				F6F0D8DF2AA00EE500909F48 /* Frameworks */,
				F6F0D8E02AA00EE500909F48 /* Resources */,
			);
			buildRules = (
			);
			dependencies = (
				F6F0D8E42AA00EE500909F48 /* PBXTargetDependency */,
			);
			name = AirSoldierUITests;
			productName = AirSoldierUITests;
			productReference = F6F0D8E22AA00EE500909F48 /* AirSoldierUITests.xctest */;
			productType = "com.apple.product-type.bundle.ui-testing";
		};
/* End PBXNativeTarget section */

/* Begin PBXProject section */
		F6F0D8BF2AA00EE400909F48 /* Project object */ = {
			isa = PBXProject;
			attributes = {
				BuildIndependentTargetsInParallel = 1;
				LastSwiftUpdateCheck = 1430;
				LastUpgradeCheck = 1430;
				TargetAttributes = {
					F6F0D8C62AA00EE400909F48 = {
						CreatedOnToolsVersion = 14.3.1;
					};
					F6F0D8D72AA00EE500909F48 = {
						CreatedOnToolsVersion = 14.3.1;
						TestTargetID = F6F0D8C62AA00EE400909F48;
					};
					F6F0D8E12AA00EE500909F48 = {
						CreatedOnToolsVersion = 14.3.1;
						TestTargetID = F6F0D8C62AA00EE400909F48;
					};
				};
			};
			buildConfigurationList = F6F0D8C22AA00EE400909F48 /* Build configuration list for PBXProject "AirSoldier" */;
			compatibilityVersion = "Xcode 14.0";
			developmentRegion = en;
			hasScannedForEncodings = 0;
			knownRegions = (
				en,
				Base,
			);
			mainGroup = F6F0D8BE2AA00EE400909F48;
			productRefGroup = F6F0D8C82AA00EE400909F48 /* Products */;
			projectDirPath = "";
			projectRoot = "";
			targets = (
				F6F0D8C62AA00EE400909F48 /* AirSoldier */,
				F6F0D8D72AA00EE500909F48 /* AirSoldierTests */,
				F6F0D8E12AA00EE500909F48 /* AirSoldierUITests */,
			);
		};
/* End PBXProject section */

/* Begin PBXResourcesBuildPhase section */
		F6F0D8C52AA00EE400909F48 /* Resources */ = {
			isa = PBXResourcesBuildPhase;
			buildActionMask = 2147483647;
			files = (
				F6F0D8D32AA00EE500909F48 /* Preview Assets.xcassets in Resources */,
				F6F0D8CF2AA00EE500909F48 /* Assets.xcassets in Resources */,
			);
			runOnlyForDeploymentPostprocessing = 0;
		};
		F6F0D8D62AA00EE500909F48 /* Resources */ = {
			isa = PBXResourcesBuildPhase;
			buildActionMask = 2147483647;
			files = (
			);
			runOnlyForDeploymentPostprocessing = 0;
		};
		F6F0D8E02AA00EE500909F48 /* Resources */ = {
			isa = PBXResourcesBuildPhase;
			buildActionMask = 2147483647;
			files = (
			);
			runOnlyForDeploymentPostprocessing = 0;
		};
/* End PBXResourcesBuildPhase section */

/* Begin PBXSourcesBuildPhase section */
		F6F0D8C32AA00EE400909F48 /* Sources */ = {
			isa = PBXSourcesBuildPhase;
			buildActionMask = 2147483647;
			files = (
				F6F0D8CD2AA00EE400909F48 /* ContentView.swift in Sources */,
				F6F0D8CB2AA00EE400909F48 /* AirSoldierApp.swift in Sources */,
			);
			runOnlyForDeploymentPostprocessing = 0;
		};
		F6F0D8D42AA00EE500909F48 /* Sources */ = {
			isa = PBXSourcesBuildPhase;
			buildActionMask = 2147483647;
			files = (
				F6F0D8DD2AA00EE500909F48 /* AirSoldierTests.swift in Sources */,
			);
			runOnlyForDeploymentPostprocessing = 0;
		};
		F6F0D8DE2AA00EE500909F48 /* Sources */ = {
			isa = PBXSourcesBuildPhase;
			buildActionMask = 2147483647;
			files = (
				F6F0D8E92AA00EE500909F48 /* AirSoldierUITestsLaunchTests.swift in Sources */,
				F6F0D8E72AA00EE500909F48 /* AirSoldierUITests.swift in Sources */,
			);
			runOnlyForDeploymentPostprocessing = 0;
		};
/* End PBXSourcesBuildPhase section */

/* Begin PBXTargetDependency section */
		F6F0D8DA2AA00EE500909F48 /* PBXTargetDependency */ = {
			isa = PBXTargetDependency;
			target = F6F0D8C62AA00EE400909F48 /* AirSoldier */;
			targetProxy = F6F0D8D92AA00EE500909F48 /* PBXContainerItemProxy */;
		};
		F6F0D8E42AA00EE500909F48 /* PBXTargetDependency */ = {
			isa = PBXTargetDependency;
			target = F6F0D8C62AA00EE400909F48 /* AirSoldier */;
			targetProxy = F6F0D8E32AA00EE500909F48 /* PBXContainerItemProxy */;
		};
/* End PBXTargetDependency section */

/* Begin XCBuildConfiguration section */
		F6F0D8EA2AA00EE500909F48 /* Debug */ = {
			isa = XCBuildConfiguration;
			buildSettings = {
				ALWAYS_SEARCH_USER_PATHS = NO;
				CLANG_ANALYZER_NONNULL = YES;
				CLANG_ANALYZER_NUMBER_OBJECT_CONVERSION = YES_AGGRESSIVE;
				CLANG_CXX_LANGUAGE_STANDARD = "gnu++20";
				CLANG_ENABLE_MODULES = YES;
				CLANG_ENABLE_OBJC_ARC = YES;
				CLANG_ENABLE_OBJC_WEAK = YES;
				CLANG_WARN_BLOCK_CAPTURE_AUTORELEASING = YES;
				CLANG_WARN_BOOL_CONVERSION = YES;
				CLANG_WARN_COMMA = YES;
				CLANG_WARN_CONSTANT_CONVERSION = YES;
				CLANG_WARN_DEPRECATED_OBJC_IMPLEMENTATIONS = YES;
				CLANG_WARN_DIRECT_OBJC_ISA_USAGE = YES_ERROR;
				CLANG_WARN_DOCUMENTATION_COMMENTS = YES;
				CLANG_WARN_EMPTY_BODY = YES;
				CLANG_WARN_ENUM_CONVERSION = YES;
				CLANG_WARN_INFINITE_RECURSION = YES;
				CLANG_WARN_INT_CONVERSION = YES;
				CLANG_WARN_NON_LITERAL_NULL_CONVERSION = YES;
				CLANG_WARN_OBJC_IMPLICIT_RETAIN_SELF = YES;
				CLANG_WARN_OBJC_LITERAL_CONVERSION = YES;
				CLANG_WARN_OBJC_ROOT_CLASS = YES_ERROR;
				CLANG_WARN_QUOTED_INCLUDE_IN_FRAMEWORK_HEADER = YES;
				CLANG_WARN_RANGE_LOOP_ANALYSIS = YES;
				CLANG_WARN_STRICT_PROTOTYPES = YES;
				CLANG_WARN_SUSPICIOUS_MOVE = YES;
				CLANG_WARN_UNGUARDED_AVAILABILITY = YES_AGGRESSIVE;
				CLANG_WARN_UNREACHABLE_CODE = YES;
				CLANG_WARN__DUPLICATE_METHOD_MATCH = YES;
				COPY_PHASE_STRIP = NO;
				DEBUG_INFORMATION_FORMAT = dwarf;
				ENABLE_STRICT_OBJC_MSGSEND = YES;
				ENABLE_TESTABILITY = YES;
				GCC_C_LANGUAGE_STANDARD = gnu11;
				GCC_DYNAMIC_NO_PIC = NO;
				GCC_NO_COMMON_BLOCKS = YES;
				GCC_OPTIMIZATION_LEVEL = 0;
				GCC_PREPROCESSOR_DEFINITIONS = (
					"DEBUG=1",
					"$(inherited)",
				);
				GCC_WARN_64_TO_32_BIT_CONVERSION = YES;
				GCC_WARN_ABOUT_RETURN_TYPE = YES_ERROR;
				GCC_WARN_UNDECLARED_SELECTOR = YES;
				GCC_WARN_UNINITIALIZED_AUTOS = YES_AGGRESSIVE;
				GCC_WARN_UNUSED_FUNCTION = YES;
				GCC_WARN_UNUSED_VARIABLE = YES;
				MTL_ENABLE_DEBUG_INFO = INCLUDE_SOURCE;
				MTL_FAST_MATH = YES;
				ONLY_ACTIVE_ARCH = YES;
				SWIFT_ACTIVE_COMPILATION_CONDITIONS = DEBUG;
				SWIFT_OPTIMIZATION_LEVEL = "-Onone";
			};
			name = Debug;
		};
		F6F0D8EB2AA00EE500909F48 /* Release */ = {
			isa = XCBuildConfiguration;
			buildSettings = {
				ALWAYS_SEARCH_USER_PATHS = NO;
				CLANG_ANALYZER_NONNULL = YES;
				CLANG_ANALYZER_NUMBER_OBJECT_CONVERSION = YES_AGGRESSIVE;
				CLANG_CXX_LANGUAGE_STANDARD = "gnu++20";
				CLANG_ENABLE_MODULES = YES;
				CLANG_ENABLE_OBJC_ARC = YES;
				CLANG_ENABLE_OBJC_WEAK = YES;
				CLANG_WARN_BLOCK_CAPTURE_AUTORELEASING = YES;
				CLANG_WARN_BOOL_CONVERSION = YES;
				CLANG_WARN_COMMA = YES;
				CLANG_WARN_CONSTANT_CONVERSION = YES;
				CLANG_WARN_DEPRECATED_OBJC_IMPLEMENTATIONS = YES;
				CLANG_WARN_DIRECT_OBJC_ISA_USAGE = YES_ERROR;
				CLANG_WARN_DOCUMENTATION_COMMENTS = YES;
				CLANG_WARN_EMPTY_BODY = YES;
				CLANG_WARN_ENUM_CONVERSION = YES;
				CLANG_WARN_INFINITE_RECURSION = YES;
				CLANG_WARN_INT_CONVERSION = YES;
				CLANG_WARN_NON_LITERAL_NULL_CONVERSION = YES;
				CLANG_WARN_OBJC_IMPLICIT_RETAIN_SELF = YES;
				CLANG_WARN_OBJC_LITERAL_CONVERSION = YES;
				CLANG_WARN_OBJC_ROOT_CLASS = YES_ERROR;
				CLANG_WARN_QUOTED_INCLUDE_IN_FRAMEWORK_HEADER = YES;
				CLANG_WARN_RANGE_LOOP_ANALYSIS = YES;
				CLANG_WARN_STRICT_PROTOTYPES = YES;
				CLANG_WARN_SUSPICIOUS_MOVE = YES;
				CLANG_WARN_UNGUARDED_AVAILABILITY = YES_AGGRESSIVE;
				CLANG_WARN_UNREACHABLE_CODE = YES;
				CLANG_WARN__DUPLICATE_METHOD_MATCH = YES;
				COPY_PHASE_STRIP = NO;
				DEBUG_INFORMATION_FORMAT = "dwarf-with-dsym";
				ENABLE_NS_ASSERTIONS = NO;
				ENABLE_STRICT_OBJC_MSGSEND = YES;
				GCC_C_LANGUAGE_STANDARD = gnu11;
				GCC_NO_COMMON_BLOCKS = YES;
				GCC_WARN_64_TO_32_BIT_CONVERSION = YES;
				GCC_WARN_ABOUT_RETURN_TYPE = YES_ERROR;
				GCC_WARN_UNDECLARED_SELECTOR = YES;
				GCC_WARN_UNINITIALIZED_AUTOS = YES_AGGRESSIVE;
				GCC_WARN_UNUSED_FUNCTION = YES;
				GCC_WARN_UNUSED_VARIABLE = YES;
				MTL_ENABLE_DEBUG_INFO = NO;
				MTL_FAST_MATH = YES;
				SWIFT_COMPILATION_MODE = wholemodule;
				SWIFT_OPTIMIZATION_LEVEL = "-O";
			};
			name = Release;
		};
		F6F0D8ED2AA00EE500909F48 /* Debug */ = {
			isa = XCBuildConfiguration;
			buildSettings = {
				ASSETCATALOG_COMPILER_APPICON_NAME = AppIcon;
				ASSETCATALOG_COMPILER_GLOBAL_ACCENT_COLOR_NAME = AccentColor;
				CODE_SIGN_ENTITLEMENTS = AirSoldier/AirSoldier.entitlements;
				CODE_SIGN_STYLE = Automatic;
				CURRENT_PROJECT_VERSION = 1;
				DEVELOPMENT_ASSET_PATHS = "\"AirSoldier/Preview Content\"";
				DEVELOPMENT_TEAM = Y9892J2BXC;
				ENABLE_HARDENED_RUNTIME = YES;
				ENABLE_PREVIEWS = YES;
				GENERATE_INFOPLIST_FILE = YES;
				"INFOPLIST_KEY_UIApplicationSceneManifest_Generation[sdk=iphoneos*]" = YES;
				"INFOPLIST_KEY_UIApplicationSceneManifest_Generation[sdk=iphonesimulator*]" = YES;
				"INFOPLIST_KEY_UIApplicationSupportsIndirectInputEvents[sdk=iphoneos*]" = YES;
				"INFOPLIST_KEY_UIApplicationSupportsIndirectInputEvents[sdk=iphonesimulator*]" = YES;
				"INFOPLIST_KEY_UILaunchScreen_Generation[sdk=iphoneos*]" = YES;
				"INFOPLIST_KEY_UILaunchScreen_Generation[sdk=iphonesimulator*]" = YES;
				"INFOPLIST_KEY_UIStatusBarStyle[sdk=iphoneos*]" = UIStatusBarStyleDefault;
				"INFOPLIST_KEY_UIStatusBarStyle[sdk=iphonesimulator*]" = UIStatusBarStyleDefault;
				INFOPLIST_KEY_UISupportedInterfaceOrientations_iPad = "UIInterfaceOrientationPortrait UIInterfaceOrientationPortraitUpsideDown UIInterfaceOrientationLandscapeLeft UIInterfaceOrientationLandscapeRight";
				INFOPLIST_KEY_UISupportedInterfaceOrientations_iPhone = "UIInterfaceOrientationPortrait UIInterfaceOrientationLandscapeLeft UIInterfaceOrientationLandscapeRight";
				IPHONEOS_DEPLOYMENT_TARGET = 16.4;
				LD_RUNPATH_SEARCH_PATHS = "@executable_path/Frameworks";
				"LD_RUNPATH_SEARCH_PATHS[sdk=macosx*]" = "@executable_path/../Frameworks";
				MACOSX_DEPLOYMENT_TARGET = 13.3;
				MARKETING_VERSION = 1.0;
				PRODUCT_BUNDLE_IDENTIFIER = br.com.tiefenbarher.AirSoldier;
				PRODUCT_NAME = "$(TARGET_NAME)";
				SDKROOT = auto;
				SUPPORTED_PLATFORMS = "iphoneos iphonesimulator macosx";
				SWIFT_EMIT_LOC_STRINGS = YES;
				SWIFT_VERSION = 5.0;
				TARGETED_DEVICE_FAMILY = "1,2";
			};
			name = Debug;
		};
		F6F0D8EE2AA00EE500909F48 /* Release */ = {
			isa = XCBuildConfiguration;
			buildSettings = {
				ASSETCATALOG_COMPILER_APPICON_NAME = AppIcon;
				ASSETCATALOG_COMPILER_GLOBAL_ACCENT_COLOR_NAME = AccentColor;
				CODE_SIGN_ENTITLEMENTS = AirSoldier/AirSoldier.entitlements;
				CODE_SIGN_STYLE = Automatic;
				CURRENT_PROJECT_VERSION = 1;
				DEVELOPMENT_ASSET_PATHS = "\"AirSoldier/Preview Content\"";
				DEVELOPMENT_TEAM = Y9892J2BXC;
				ENABLE_HARDENED_RUNTIME = YES;
				ENABLE_PREVIEWS = YES;
				GENERATE_INFOPLIST_FILE = YES;
				"INFOPLIST_KEY_UIApplicationSceneManifest_Generation[sdk=iphoneos*]" = YES;
				"INFOPLIST_KEY_UIApplicationSceneManifest_Generation[sdk=iphonesimulator*]" = YES;
				"INFOPLIST_KEY_UIApplicationSupportsIndirectInputEvents[sdk=iphoneos*]" = YES;
				"INFOPLIST_KEY_UIApplicationSupportsIndirectInputEvents[sdk=iphonesimulator*]" = YES;
				"INFOPLIST_KEY_UILaunchScreen_Generation[sdk=iphoneos*]" = YES;
				"INFOPLIST_KEY_UILaunchScreen_Generation[sdk=iphonesimulator*]" = YES;
				"INFOPLIST_KEY_UIStatusBarStyle[sdk=iphoneos*]" = UIStatusBarStyleDefault;
				"INFOPLIST_KEY_UIStatusBarStyle[sdk=iphonesimulator*]" = UIStatusBarStyleDefault;
				INFOPLIST_KEY_UISupportedInterfaceOrientations_iPad = "UIInterfaceOrientationPortrait UIInterfaceOrientationPortraitUpsideDown UIInterfaceOrientationLandscapeLeft UIInterfaceOrientationLandscapeRight";
				INFOPLIST_KEY_UISupportedInterfaceOrientations_iPhone = "UIInterfaceOrientationPortrait UIInterfaceOrientationLandscapeLeft UIInterfaceOrientationLandscapeRight";
				IPHONEOS_DEPLOYMENT_TARGET = 16.4;
				LD_RUNPATH_SEARCH_PATHS = "@executable_path/Frameworks";
				"LD_RUNPATH_SEARCH_PATHS[sdk=macosx*]" = "@executable_path/../Frameworks";
				MACOSX_DEPLOYMENT_TARGET = 13.3;
				MARKETING_VERSION = 1.0;
				PRODUCT_BUNDLE_IDENTIFIER = br.com.tiefenbarher.AirSoldier;
				PRODUCT_NAME = "$(TARGET_NAME)";
				SDKROOT = auto;
				SUPPORTED_PLATFORMS = "iphoneos iphonesimulator macosx";
				SWIFT_EMIT_LOC_STRINGS = YES;
				SWIFT_VERSION = 5.0;
				TARGETED_DEVICE_FAMILY = "1,2";
			};
			name = Release;
		};
		F6F0D8F02AA00EE500909F48 /* Debug */ = {
			isa = XCBuildConfiguration;
			buildSettings = {
				ALWAYS_EMBED_SWIFT_STANDARD_LIBRARIES = YES;
				BUNDLE_LOADER = "$(TEST_HOST)";
				CODE_SIGN_STYLE = Automatic;
				CURRENT_PROJECT_VERSION = 1;
				DEVELOPMENT_TEAM = Y9892J2BXC;
				GENERATE_INFOPLIST_FILE = YES;
				IPHONEOS_DEPLOYMENT_TARGET = 16.4;
				MACOSX_DEPLOYMENT_TARGET = 13.3;
				MARKETING_VERSION = 1.0;
				PRODUCT_BUNDLE_IDENTIFIER = br.com.tiefenbarher.AirSoldierTests;
				PRODUCT_NAME = "$(TARGET_NAME)";
				SDKROOT = auto;
				SUPPORTED_PLATFORMS = "iphoneos iphonesimulator macosx";
				SWIFT_EMIT_LOC_STRINGS = NO;
				SWIFT_VERSION = 5.0;
				TARGETED_DEVICE_FAMILY = "1,2";
				TEST_HOST = "$(BUILT_PRODUCTS_DIR)/AirSoldier.app/$(BUNDLE_EXECUTABLE_FOLDER_PATH)/AirSoldier";
			};
			name = Debug;
		};
		F6F0D8F12AA00EE500909F48 /* Release */ = {
			isa = XCBuildConfiguration;
			buildSettings = {
				ALWAYS_EMBED_SWIFT_STANDARD_LIBRARIES = YES;
				BUNDLE_LOADER = "$(TEST_HOST)";
				CODE_SIGN_STYLE = Automatic;
				CURRENT_PROJECT_VERSION = 1;
				DEVELOPMENT_TEAM = Y9892J2BXC;
				GENERATE_INFOPLIST_FILE = YES;
				IPHONEOS_DEPLOYMENT_TARGET = 16.4;
				MACOSX_DEPLOYMENT_TARGET = 13.3;
				MARKETING_VERSION = 1.0;
				PRODUCT_BUNDLE_IDENTIFIER = br.com.tiefenbarher.AirSoldierTests;
				PRODUCT_NAME = "$(TARGET_NAME)";
				SDKROOT = auto;
				SUPPORTED_PLATFORMS = "iphoneos iphonesimulator macosx";
				SWIFT_EMIT_LOC_STRINGS = NO;
				SWIFT_VERSION = 5.0;
				TARGETED_DEVICE_FAMILY = "1,2";
				TEST_HOST = "$(BUILT_PRODUCTS_DIR)/AirSoldier.app/$(BUNDLE_EXECUTABLE_FOLDER_PATH)/AirSoldier";
			};
			name = Release;
		};
		F6F0D8F32AA00EE500909F48 /* Debug */ = {
			isa = XCBuildConfiguration;
			buildSettings = {
				ALWAYS_EMBED_SWIFT_STANDARD_LIBRARIES = YES;
				CODE_SIGN_STYLE = Automatic;
				CURRENT_PROJECT_VERSION = 1;
				DEVELOPMENT_TEAM = Y9892J2BXC;
				GENERATE_INFOPLIST_FILE = YES;
				IPHONEOS_DEPLOYMENT_TARGET = 16.4;
				MACOSX_DEPLOYMENT_TARGET = 13.3;
				MARKETING_VERSION = 1.0;
				PRODUCT_BUNDLE_IDENTIFIER = br.com.tiefenbarher.AirSoldierUITests;
				PRODUCT_NAME = "$(TARGET_NAME)";
				SDKROOT = auto;
				SUPPORTED_PLATFORMS = "iphoneos iphonesimulator macosx";
				SWIFT_EMIT_LOC_STRINGS = NO;
				SWIFT_VERSION = 5.0;
				TARGETED_DEVICE_FAMILY = "1,2";
				TEST_TARGET_NAME = AirSoldier;
			};
			name = Debug;
		};
		F6F0D8F42AA00EE500909F48 /* Release */ = {
			isa = XCBuildConfiguration;
			buildSettings = {
				ALWAYS_EMBED_SWIFT_STANDARD_LIBRARIES = YES;
				CODE_SIGN_STYLE = Automatic;
				CURRENT_PROJECT_VERSION = 1;
				DEVELOPMENT_TEAM = Y9892J2BXC;
				GENERATE_INFOPLIST_FILE = YES;
				IPHONEOS_DEPLOYMENT_TARGET = 16.4;
				MACOSX_DEPLOYMENT_TARGET = 13.3;
				MARKETING_VERSION = 1.0;
				PRODUCT_BUNDLE_IDENTIFIER = br.com.tiefenbarher.AirSoldierUITests;
				PRODUCT_NAME = "$(TARGET_NAME)";
				SDKROOT = auto;
				SUPPORTED_PLATFORMS = "iphoneos iphonesimulator macosx";
				SWIFT_EMIT_LOC_STRINGS = NO;
				SWIFT_VERSION = 5.0;
				TARGETED_DEVICE_FAMILY = "1,2";
				TEST_TARGET_NAME = AirSoldier;
			};
			name = Release;
		};
/* End XCBuildConfiguration section */

/* Begin XCConfigurationList section */
		F6F0D8C22AA00EE400909F48 /* Build configuration list for PBXProject "AirSoldier" */ = {
			isa = XCConfigurationList;
			buildConfigurations = (
				F6F0D8EA2AA00EE500909F48 /* Debug */,
				F6F0D8EB2AA00EE500909F48 /* Release */,
			);
			defaultConfigurationIsVisible = 0;
			defaultConfigurationName = Release;
		};
		F6F0D8EC2AA00EE500909F48 /* Build configuration list for PBXNativeTarget "AirSoldier" */ = {
			isa = XCConfigurationList;
			buildConfigurations = (
				F6F0D8ED2AA00EE500909F48 /* Debug */,
				F6F0D8EE2AA00EE500909F48 /* Release */,
			);
			defaultConfigurationIsVisible = 0;
			defaultConfigurationName = Release;
		};
		F6F0D8EF2AA00EE500909F48 /* Build configuration list for PBXNativeTarget "AirSoldierTests" */ = {
			isa = XCConfigurationList;
			buildConfigurations = (
				F6F0D8F02AA00EE500909F48 /* Debug */,
				F6F0D8F12AA00EE500909F48 /* Release */,
			);
			defaultConfigurationIsVisible = 0;
			defaultConfigurationName = Release;
		};
		F6F0D8F22AA00EE500909F48 /* Build configuration list for PBXNativeTarget "AirSoldierUITests" */ = {
			isa = XCConfigurationList;
			buildConfigurations = (
				F6F0D8F32AA00EE500909F48 /* Debug */,
				F6F0D8F42AA00EE500909F48 /* Release */,
			);
			defaultConfigurationIsVisible = 0;
			defaultConfigurationName = Release;
		};
/* End XCConfigurationList section */
	};
	rootObject = F6F0D8BF2AA00EE400909F48 /* Project object */;
}
